// !$*UTF8*$!
{
	archiveVersion = 1;
	classes = {
	};
	objectVersion = 56;
	objects = {

/* Begin PBXBuildFile section */
		7C4B978F2A47994400FBE683 /* TouchdownApp.swift in Sources */ = {isa = PBXBuildFile; fileRef = 7C4B978E2A47994400FBE683 /* TouchdownApp.swift */; };
		7C4B97912A47994400FBE683 /* ContentView.swift in Sources */ = {isa = PBXBuildFile; fileRef = 7C4B97902A47994400FBE683 /* ContentView.swift */; };
		7C4B97932A47994600FBE683 /* Assets.xcassets in Resources */ = {isa = PBXBuildFile; fileRef = 7C4B97922A47994600FBE683 /* Assets.xcassets */; };
		7C4B97962A47994600FBE683 /* Preview Assets.xcassets in Resources */ = {isa = PBXBuildFile; fileRef = 7C4B97952A47994600FBE683 /* Preview Assets.xcassets */; };
		7C4B97A02A479BAF00FBE683 /* brand.json in Resources */ = {isa = PBXBuildFile; fileRef = 7C4B979C2A479BAF00FBE683 /* brand.json */; };
		7C4B97A12A479BAF00FBE683 /* category.json in Resources */ = {isa = PBXBuildFile; fileRef = 7C4B979D2A479BAF00FBE683 /* category.json */; };
		7C4B97A22A479BAF00FBE683 /* player.json in Resources */ = {isa = PBXBuildFile; fileRef = 7C4B979E2A479BAF00FBE683 /* player.json */; };
		7C4B97A32A479BAF00FBE683 /* product.json in Resources */ = {isa = PBXBuildFile; fileRef = 7C4B979F2A479BAF00FBE683 /* product.json */; };
		7C4B97AE2A47A32600FBE683 /* Constant.swift in Sources */ = {isa = PBXBuildFile; fileRef = 7C4B97AD2A47A32600FBE683 /* Constant.swift */; };
		7C4B97B02A47AE5400FBE683 /* FooterView.swift in Sources */ = {isa = PBXBuildFile; fileRef = 7C4B97AF2A47AE5400FBE683 /* FooterView.swift */; };
		7C4B97B22A47B19400FBE683 /* NavigationBarView.swift in Sources */ = {isa = PBXBuildFile; fileRef = 7C4B97B12A47B19400FBE683 /* NavigationBarView.swift */; };
		7C4B97B42A47B42300FBE683 /* LogoView.swift in Sources */ = {isa = PBXBuildFile; fileRef = 7C4B97B32A47B42300FBE683 /* LogoView.swift */; };
		7C4B97B82A47FBC700FBE683 /* PlayerModel.swift in Sources */ = {isa = PBXBuildFile; fileRef = 7C4B97B72A47FBC700FBE683 /* PlayerModel.swift */; };
		7C4B97BA2A47FC4200FBE683 /* CodableBundleExtention.swift in Sources */ = {isa = PBXBuildFile; fileRef = 7C4B97B92A47FC4200FBE683 /* CodableBundleExtention.swift */; };
		7C4B97BC2A48023700FBE683 /* FeaturedItemView.swift in Sources */ = {isa = PBXBuildFile; fileRef = 7C4B97BB2A48023700FBE683 /* FeaturedItemView.swift */; };
		7C4B97BE2A48035800FBE683 /* FeatuedTabView.swift in Sources */ = {isa = PBXBuildFile; fileRef = 7C4B97BD2A48035800FBE683 /* FeatuedTabView.swift */; };
		7C4B97C02A4814EC00FBE683 /* CategoryModel.swift in Sources */ = {isa = PBXBuildFile; fileRef = 7C4B97BF2A4814EB00FBE683 /* CategoryModel.swift */; };
		7C4B97C42A48195300FBE683 /* CategoryItemView.swift in Sources */ = {isa = PBXBuildFile; fileRef = 7C4B97C32A48195300FBE683 /* CategoryItemView.swift */; };
		7C4B97C62A481C7E00FBE683 /* CategoryGridView.swift in Sources */ = {isa = PBXBuildFile; fileRef = 7C4B97C52A481C7E00FBE683 /* CategoryGridView.swift */; };
		7C4B97C82A48201F00FBE683 /* SectionView.swift in Sources */ = {isa = PBXBuildFile; fileRef = 7C4B97C72A48201F00FBE683 /* SectionView.swift */; };
		7C675B3A2A48B6BB00B554A7 /* TitleView.swift in Sources */ = {isa = PBXBuildFile; fileRef = 7C675B392A48B6BB00B554A7 /* TitleView.swift */; };
/* End PBXBuildFile section */

/* Begin PBXFileReference section */
		7C4B978B2A47994400FBE683 /* Touchdown.app */ = {isa = PBXFileReference; explicitFileType = wrapper.application; includeInIndex = 0; path = Touchdown.app; sourceTree = BUILT_PRODUCTS_DIR; };
		7C4B978E2A47994400FBE683 /* TouchdownApp.swift */ = {isa = PBXFileReference; lastKnownFileType = sourcecode.swift; path = TouchdownApp.swift; sourceTree = "<group>"; };
		7C4B97902A47994400FBE683 /* ContentView.swift */ = {isa = PBXFileReference; lastKnownFileType = sourcecode.swift; path = ContentView.swift; sourceTree = "<group>"; };
		7C4B97922A47994600FBE683 /* Assets.xcassets */ = {isa = PBXFileReference; lastKnownFileType = folder.assetcatalog; path = Assets.xcassets; sourceTree = "<group>"; };
		7C4B97952A47994600FBE683 /* Preview Assets.xcassets */ = {isa = PBXFileReference; lastKnownFileType = folder.assetcatalog; path = "Preview Assets.xcassets"; sourceTree = "<group>"; };
		7C4B979C2A479BAF00FBE683 /* brand.json */ = {isa = PBXFileReference; fileEncoding = 4; lastKnownFileType = text.json; path = brand.json; sourceTree = "<group>"; };
		7C4B979D2A479BAF00FBE683 /* category.json */ = {isa = PBXFileReference; fileEncoding = 4; lastKnownFileType = text.json; path = category.json; sourceTree = "<group>"; };
		7C4B979E2A479BAF00FBE683 /* player.json */ = {isa = PBXFileReference; fileEncoding = 4; lastKnownFileType = text.json; path = player.json; sourceTree = "<group>"; };
		7C4B979F2A479BAF00FBE683 /* product.json */ = {isa = PBXFileReference; fileEncoding = 4; lastKnownFileType = text.json; path = product.json; sourceTree = "<group>"; };
		7C4B97A52A47A16200FBE683 /* Info.plist */ = {isa = PBXFileReference; lastKnownFileType = text.plist; path = Info.plist; sourceTree = "<group>"; };
		7C4B97AD2A47A32600FBE683 /* Constant.swift */ = {isa = PBXFileReference; lastKnownFileType = sourcecode.swift; path = Constant.swift; sourceTree = "<group>"; };
		7C4B97AF2A47AE5400FBE683 /* FooterView.swift */ = {isa = PBXFileReference; lastKnownFileType = sourcecode.swift; path = FooterView.swift; sourceTree = "<group>"; };
		7C4B97B12A47B19400FBE683 /* NavigationBarView.swift */ = {isa = PBXFileReference; lastKnownFileType = sourcecode.swift; path = NavigationBarView.swift; sourceTree = "<group>"; };
		7C4B97B32A47B42300FBE683 /* LogoView.swift */ = {isa = PBXFileReference; lastKnownFileType = sourcecode.swift; path = LogoView.swift; sourceTree = "<group>"; };
		7C4B97B72A47FBC700FBE683 /* PlayerModel.swift */ = {isa = PBXFileReference; lastKnownFileType = sourcecode.swift; path = PlayerModel.swift; sourceTree = "<group>"; };
		7C4B97B92A47FC4200FBE683 /* CodableBundleExtention.swift */ = {isa = PBXFileReference; lastKnownFileType = sourcecode.swift; path = CodableBundleExtention.swift; sourceTree = "<group>"; };
		7C4B97BB2A48023700FBE683 /* FeaturedItemView.swift */ = {isa = PBXFileReference; lastKnownFileType = sourcecode.swift; path = FeaturedItemView.swift; sourceTree = "<group>"; };
		7C4B97BD2A48035800FBE683 /* FeatuedTabView.swift */ = {isa = PBXFileReference; lastKnownFileType = sourcecode.swift; path = FeatuedTabView.swift; sourceTree = "<group>"; };
		7C4B97BF2A4814EB00FBE683 /* CategoryModel.swift */ = {isa = PBXFileReference; lastKnownFileType = sourcecode.swift; path = CategoryModel.swift; sourceTree = "<group>"; };
		7C4B97C32A48195300FBE683 /* CategoryItemView.swift */ = {isa = PBXFileReference; lastKnownFileType = sourcecode.swift; path = CategoryItemView.swift; sourceTree = "<group>"; };
		7C4B97C52A481C7E00FBE683 /* CategoryGridView.swift */ = {isa = PBXFileReference; lastKnownFileType = sourcecode.swift; path = CategoryGridView.swift; sourceTree = "<group>"; };
		7C4B97C72A48201F00FBE683 /* SectionView.swift */ = {isa = PBXFileReference; lastKnownFileType = sourcecode.swift; path = SectionView.swift; sourceTree = "<group>"; };
		7C675B392A48B6BB00B554A7 /* TitleView.swift */ = {isa = PBXFileReference; lastKnownFileType = sourcecode.swift; path = TitleView.swift; sourceTree = "<group>"; };
/* End PBXFileReference section */

/* Begin PBXFrameworksBuildPhase section */
		7C4B97882A47994400FBE683 /* Frameworks */ = {
			isa = PBXFrameworksBuildPhase;
			buildActionMask = 2147483647;
			files = (
			);
			runOnlyForDeploymentPostprocessing = 0;
		};
/* End PBXFrameworksBuildPhase section */

/* Begin PBXGroup section */
		7C4B97822A47994400FBE683 = {
			isa = PBXGroup;
			children = (
				7C4B978D2A47994400FBE683 /* Touchdown */,
				7C4B978C2A47994400FBE683 /* Products */,
			);
			sourceTree = "<group>";
		};
		7C4B978C2A47994400FBE683 /* Products */ = {
			isa = PBXGroup;
			children = (
				7C4B978B2A47994400FBE683 /* Touchdown.app */,
			);
			name = Products;
			sourceTree = "<group>";
		};
		7C4B978D2A47994400FBE683 /* Touchdown */ = {
			isa = PBXGroup;
			children = (
				7C4B97A62A47A24D00FBE683 /* App */,
				7C4B97A72A47A25800FBE683 /* View */,
				7C4B97A42A479BCB00FBE683 /* Data */,
				7C4B97AA2A47A26D00FBE683 /* Model */,
				7C4B97AB2A47A27500FBE683 /* Extention */,
				7C4B97AC2A47A28000FBE683 /* Utility */,
				7C4B97922A47994600FBE683 /* Assets.xcassets */,
				7C4B97A52A47A16200FBE683 /* Info.plist */,
				7C4B97942A47994600FBE683 /* Preview Content */,
			);
			path = Touchdown;
			sourceTree = "<group>";
		};
		7C4B97942A47994600FBE683 /* Preview Content */ = {
			isa = PBXGroup;
			children = (
				7C4B97952A47994600FBE683 /* Preview Assets.xcassets */,
			);
			path = "Preview Content";
			sourceTree = "<group>";
		};
		7C4B97A42A479BCB00FBE683 /* Data */ = {
			isa = PBXGroup;
			children = (
				7C4B979C2A479BAF00FBE683 /* brand.json */,
				7C4B979D2A479BAF00FBE683 /* category.json */,
				7C4B979E2A479BAF00FBE683 /* player.json */,
				7C4B979F2A479BAF00FBE683 /* product.json */,
			);
			path = Data;
			sourceTree = "<group>";
		};
		7C4B97A62A47A24D00FBE683 /* App */ = {
			isa = PBXGroup;
			children = (
				7C4B978E2A47994400FBE683 /* TouchdownApp.swift */,
				7C4B97902A47994400FBE683 /* ContentView.swift */,
			);
			path = App;
			sourceTree = "<group>";
		};
		7C4B97A72A47A25800FBE683 /* View */ = {
			isa = PBXGroup;
			children = (
				7C4B97A82A47A25F00FBE683 /* Home */,
				7C4B97A92A47A26500FBE683 /* Detail */,
			);
			path = View;
			sourceTree = "<group>";
		};
		7C4B97A82A47A25F00FBE683 /* Home */ = {
			isa = PBXGroup;
			children = (
				7C4B97C92A4824F200FBE683 /* Category */,
				7C4B97C22A4818E700FBE683 /* Navigation */,
				7C4B97C12A4818C000FBE683 /* Featured */,
				7C4B97AF2A47AE5400FBE683 /* FooterView.swift */,
				7C675B392A48B6BB00B554A7 /* TitleView.swift */,
			);
			path = Home;
			sourceTree = "<group>";
		};
		7C4B97A92A47A26500FBE683 /* Detail */ = {
			isa = PBXGroup;
			children = (
			);
			path = Detail;
			sourceTree = "<group>";
		};
		7C4B97AA2A47A26D00FBE683 /* Model */ = {
			isa = PBXGroup;
			children = (
				7C4B97B72A47FBC700FBE683 /* PlayerModel.swift */,
				7C4B97BF2A4814EB00FBE683 /* CategoryModel.swift */,
			);
			path = Model;
			sourceTree = "<group>";
		};
		7C4B97AB2A47A27500FBE683 /* Extention */ = {
			isa = PBXGroup;
			children = (
				7C4B97B92A47FC4200FBE683 /* CodableBundleExtention.swift */,
			);
			path = Extention;
			sourceTree = "<group>";
		};
		7C4B97AC2A47A28000FBE683 /* Utility */ = {
			isa = PBXGroup;
			children = (
				7C4B97AD2A47A32600FBE683 /* Constant.swift */,
			);
			path = Utility;
			sourceTree = "<group>";
		};
		7C4B97C12A4818C000FBE683 /* Featured */ = {
			isa = PBXGroup;
			children = (
				7C4B97BD2A48035800FBE683 /* FeatuedTabView.swift */,
				7C4B97BB2A48023700FBE683 /* FeaturedItemView.swift */,
			);
			path = Featured;
			sourceTree = "<group>";
		};
		7C4B97C22A4818E700FBE683 /* Navigation */ = {
			isa = PBXGroup;
			children = (
				7C4B97B32A47B42300FBE683 /* LogoView.swift */,
				7C4B97B12A47B19400FBE683 /* NavigationBarView.swift */,
			);
			path = Navigation;
			sourceTree = "<group>";
		};
		7C4B97C92A4824F200FBE683 /* Category */ = {
			isa = PBXGroup;
			children = (
				7C4B97C32A48195300FBE683 /* CategoryItemView.swift */,
				7C4B97C52A481C7E00FBE683 /* CategoryGridView.swift */,
				7C4B97C72A48201F00FBE683 /* SectionView.swift */,
			);
			path = Category;
			sourceTree = "<group>";
		};
/* End PBXGroup section */

/* Begin PBXNativeTarget section */
		7C4B978A2A47994400FBE683 /* Touchdown */ = {
			isa = PBXNativeTarget;
			buildConfigurationList = 7C4B97992A47994600FBE683 /* Build configuration list for PBXNativeTarget "Touchdown" */;
			buildPhases = (
				7C4B97872A47994400FBE683 /* Sources */,
				7C4B97882A47994400FBE683 /* Frameworks */,
				7C4B97892A47994400FBE683 /* Resources */,
			);
			buildRules = (
			);
			dependencies = (
			);
			name = Touchdown;
			productName = Touchdown;
			productReference = 7C4B978B2A47994400FBE683 /* Touchdown.app */;
			productType = "com.apple.product-type.application";
		};
/* End PBXNativeTarget section */

/* Begin PBXProject section */
		7C4B97832A47994400FBE683 /* Project object */ = {
			isa = PBXProject;
			attributes = {
				BuildIndependentTargetsInParallel = 1;
				LastSwiftUpdateCheck = 1430;
				LastUpgradeCheck = 1430;
				TargetAttributes = {
					7C4B978A2A47994400FBE683 = {
						CreatedOnToolsVersion = 14.3.1;
					};
				};
			};
			buildConfigurationList = 7C4B97862A47994400FBE683 /* Build configuration list for PBXProject "Touchdown" */;
			compatibilityVersion = "Xcode 14.0";
			developmentRegion = en;
			hasScannedForEncodings = 0;
			knownRegions = (
				en,
				Base,
			);
			mainGroup = 7C4B97822A47994400FBE683;
			productRefGroup = 7C4B978C2A47994400FBE683 /* Products */;
			projectDirPath = "";
			projectRoot = "";
			targets = (
				7C4B978A2A47994400FBE683 /* Touchdown */,
			);
		};
/* End PBXProject section */

/* Begin PBXResourcesBuildPhase section */
		7C4B97892A47994400FBE683 /* Resources */ = {
			isa = PBXResourcesBuildPhase;
			buildActionMask = 2147483647;
			files = (
				7C4B97A22A479BAF00FBE683 /* player.json in Resources */,
				7C4B97962A47994600FBE683 /* Preview Assets.xcassets in Resources */,
				7C4B97932A47994600FBE683 /* Assets.xcassets in Resources */,
				7C4B97A02A479BAF00FBE683 /* brand.json in Resources */,
				7C4B97A12A479BAF00FBE683 /* category.json in Resources */,
				7C4B97A32A479BAF00FBE683 /* product.json in Resources */,
			);
			runOnlyForDeploymentPostprocessing = 0;
		};
/* End PBXResourcesBuildPhase section */

/* Begin PBXSourcesBuildPhase section */
		7C4B97872A47994400FBE683 /* Sources */ = {
			isa = PBXSourcesBuildPhase;
			buildActionMask = 2147483647;
			files = (
				7C4B97912A47994400FBE683 /* ContentView.swift in Sources */,
				7C4B97BE2A48035800FBE683 /* FeatuedTabView.swift in Sources */,
				7C4B97BA2A47FC4200FBE683 /* CodableBundleExtention.swift in Sources */,
				7C4B97B42A47B42300FBE683 /* LogoView.swift in Sources */,
				7C4B97B02A47AE5400FBE683 /* FooterView.swift in Sources */,
				7C4B97BC2A48023700FBE683 /* FeaturedItemView.swift in Sources */,
				7C4B978F2A47994400FBE683 /* TouchdownApp.swift in Sources */,
				7C4B97C62A481C7E00FBE683 /* CategoryGridView.swift in Sources */,
				7C4B97C02A4814EC00FBE683 /* CategoryModel.swift in Sources */,
				7C4B97AE2A47A32600FBE683 /* Constant.swift in Sources */,
				7C4B97C82A48201F00FBE683 /* SectionView.swift in Sources */,
				7C4B97C42A48195300FBE683 /* CategoryItemView.swift in Sources */,
				7C4B97B22A47B19400FBE683 /* NavigationBarView.swift in Sources */,
				7C4B97B82A47FBC700FBE683 /* PlayerModel.swift in Sources */,
				7C675B3A2A48B6BB00B554A7 /* TitleView.swift in Sources */,
			);
			runOnlyForDeploymentPostprocessing = 0;
		};
/* End PBXSourcesBuildPhase section */

/* Begin XCBuildConfiguration section */
		7C4B97972A47994600FBE683 /* Debug */ = {
			isa = XCBuildConfiguration;
			buildSettings = {
				ALWAYS_SEARCH_USER_PATHS = NO;
				CLANG_ANALYZER_NONNULL = YES;
				CLANG_ANALYZER_NUMBER_OBJECT_CONVERSION = YES_AGGRESSIVE;
				CLANG_CXX_LANGUAGE_STANDARD = "gnu++20";
				CLANG_ENABLE_MODULES = YES;
				CLANG_ENABLE_OBJC_ARC = YES;
				CLANG_ENABLE_OBJC_WEAK = YES;
				CLANG_WARN_BLOCK_CAPTURE_AUTORELEASING = YES;
				CLANG_WARN_BOOL_CONVERSION = YES;
				CLANG_WARN_COMMA = YES;
				CLANG_WARN_CONSTANT_CONVERSION = YES;
				CLANG_WARN_DEPRECATED_OBJC_IMPLEMENTATIONS = YES;
				CLANG_WARN_DIRECT_OBJC_ISA_USAGE = YES_ERROR;
				CLANG_WARN_DOCUMENTATION_COMMENTS = YES;
				CLANG_WARN_EMPTY_BODY = YES;
				CLANG_WARN_ENUM_CONVERSION = YES;
				CLANG_WARN_INFINITE_RECURSION = YES;
				CLANG_WARN_INT_CONVERSION = YES;
				CLANG_WARN_NON_LITERAL_NULL_CONVERSION = YES;
				CLANG_WARN_OBJC_IMPLICIT_RETAIN_SELF = YES;
				CLANG_WARN_OBJC_LITERAL_CONVERSION = YES;
				CLANG_WARN_OBJC_ROOT_CLASS = YES_ERROR;
				CLANG_WARN_QUOTED_INCLUDE_IN_FRAMEWORK_HEADER = YES;
				CLANG_WARN_RANGE_LOOP_ANALYSIS = YES;
				CLANG_WARN_STRICT_PROTOTYPES = YES;
				CLANG_WARN_SUSPICIOUS_MOVE = YES;
				CLANG_WARN_UNGUARDED_AVAILABILITY = YES_AGGRESSIVE;
				CLANG_WARN_UNREACHABLE_CODE = YES;
				CLANG_WARN__DUPLICATE_METHOD_MATCH = YES;
				COPY_PHASE_STRIP = NO;
				DEBUG_INFORMATION_FORMAT = dwarf;
				ENABLE_STRICT_OBJC_MSGSEND = YES;
				ENABLE_TESTABILITY = YES;
				GCC_C_LANGUAGE_STANDARD = gnu11;
				GCC_DYNAMIC_NO_PIC = NO;
				GCC_NO_COMMON_BLOCKS = YES;
				GCC_OPTIMIZATION_LEVEL = 0;
				GCC_PREPROCESSOR_DEFINITIONS = (
					"DEBUG=1",
					"$(inherited)",
				);
				GCC_WARN_64_TO_32_BIT_CONVERSION = YES;
				GCC_WARN_ABOUT_RETURN_TYPE = YES_ERROR;
				GCC_WARN_UNDECLARED_SELECTOR = YES;
				GCC_WARN_UNINITIALIZED_AUTOS = YES_AGGRESSIVE;
				GCC_WARN_UNUSED_FUNCTION = YES;
				GCC_WARN_UNUSED_VARIABLE = YES;
				IPHONEOS_DEPLOYMENT_TARGET = 16.4;
				MTL_ENABLE_DEBUG_INFO = INCLUDE_SOURCE;
				MTL_FAST_MATH = YES;
				ONLY_ACTIVE_ARCH = YES;
				SDKROOT = iphoneos;
				SWIFT_ACTIVE_COMPILATION_CONDITIONS = DEBUG;
				SWIFT_OPTIMIZATION_LEVEL = "-Onone";
			};
			name = Debug;
		};
		7C4B97982A47994600FBE683 /* Release */ = {
			isa = XCBuildConfiguration;
			buildSettings = {
				ALWAYS_SEARCH_USER_PATHS = NO;
				CLANG_ANALYZER_NONNULL = YES;
				CLANG_ANALYZER_NUMBER_OBJECT_CONVERSION = YES_AGGRESSIVE;
				CLANG_CXX_LANGUAGE_STANDARD = "gnu++20";
				CLANG_ENABLE_MODULES = YES;
				CLANG_ENABLE_OBJC_ARC = YES;
				CLANG_ENABLE_OBJC_WEAK = YES;
				CLANG_WARN_BLOCK_CAPTURE_AUTORELEASING = YES;
				CLANG_WARN_BOOL_CONVERSION = YES;
				CLANG_WARN_COMMA = YES;
				CLANG_WARN_CONSTANT_CONVERSION = YES;
				CLANG_WARN_DEPRECATED_OBJC_IMPLEMENTATIONS = YES;
				CLANG_WARN_DIRECT_OBJC_ISA_USAGE = YES_ERROR;
				CLANG_WARN_DOCUMENTATION_COMMENTS = YES;
				CLANG_WARN_EMPTY_BODY = YES;
				CLANG_WARN_ENUM_CONVERSION = YES;
				CLANG_WARN_INFINITE_RECURSION = YES;
				CLANG_WARN_INT_CONVERSION = YES;
				CLANG_WARN_NON_LITERAL_NULL_CONVERSION = YES;
				CLANG_WARN_OBJC_IMPLICIT_RETAIN_SELF = YES;
				CLANG_WARN_OBJC_LITERAL_CONVERSION = YES;
				CLANG_WARN_OBJC_ROOT_CLASS = YES_ERROR;
				CLANG_WARN_QUOTED_INCLUDE_IN_FRAMEWORK_HEADER = YES;
				CLANG_WARN_RANGE_LOOP_ANALYSIS = YES;
				CLANG_WARN_STRICT_PROTOTYPES = YES;
				CLANG_WARN_SUSPICIOUS_MOVE = YES;
				CLANG_WARN_UNGUARDED_AVAILABILITY = YES_AGGRESSIVE;
				CLANG_WARN_UNREACHABLE_CODE = YES;
				CLANG_WARN__DUPLICATE_METHOD_MATCH = YES;
				COPY_PHASE_STRIP = NO;
				DEBUG_INFORMATION_FORMAT = "dwarf-with-dsym";
				ENABLE_NS_ASSERTIONS = NO;
				ENABLE_STRICT_OBJC_MSGSEND = YES;
				GCC_C_LANGUAGE_STANDARD = gnu11;
				GCC_NO_COMMON_BLOCKS = YES;
				GCC_WARN_64_TO_32_BIT_CONVERSION = YES;
				GCC_WARN_ABOUT_RETURN_TYPE = YES_ERROR;
				GCC_WARN_UNDECLARED_SELECTOR = YES;
				GCC_WARN_UNINITIALIZED_AUTOS = YES_AGGRESSIVE;
				GCC_WARN_UNUSED_FUNCTION = YES;
				GCC_WARN_UNUSED_VARIABLE = YES;
				IPHONEOS_DEPLOYMENT_TARGET = 16.4;
				MTL_ENABLE_DEBUG_INFO = NO;
				MTL_FAST_MATH = YES;
				SDKROOT = iphoneos;
				SWIFT_COMPILATION_MODE = wholemodule;
				SWIFT_OPTIMIZATION_LEVEL = "-O";
				VALIDATE_PRODUCT = YES;
			};
			name = Release;
		};
		7C4B979A2A47994600FBE683 /* Debug */ = {
			isa = XCBuildConfiguration;
			buildSettings = {
				ASSETCATALOG_COMPILER_APPICON_NAME = AppIcon;
				ASSETCATALOG_COMPILER_GLOBAL_ACCENT_COLOR_NAME = AccentColor;
				CODE_SIGN_STYLE = Automatic;
				CURRENT_PROJECT_VERSION = 1;
				DEVELOPMENT_ASSET_PATHS = "\"Touchdown/Preview Content\"";
				DEVELOPMENT_TEAM = G3TMK8KB93;
				ENABLE_PREVIEWS = YES;
				GENERATE_INFOPLIST_FILE = YES;
				INFOPLIST_FILE = Touchdown/Info.plist;
				INFOPLIST_KEY_UIApplicationSceneManifest_Generation = YES;
				INFOPLIST_KEY_UIApplicationSupportsIndirectInputEvents = YES;
				INFOPLIST_KEY_UISupportedInterfaceOrientations = UIInterfaceOrientationPortrait;
				INFOPLIST_KEY_UISupportedInterfaceOrientations_iPad = "UIInterfaceOrientationLandscapeLeft UIInterfaceOrientationLandscapeRight UIInterfaceOrientationPortrait UIInterfaceOrientationPortraitUpsideDown";
				INFOPLIST_KEY_UIUserInterfaceStyle = Light;
				IPHONEOS_DEPLOYMENT_TARGET = 16.0;
				LD_RUNPATH_SEARCH_PATHS = (
					"$(inherited)",
					"@executable_path/Frameworks",
				);
				MARKETING_VERSION = 1.0;
				PRODUCT_BUNDLE_IDENTIFIER = com.ehsanApp.Touchdown;
				PRODUCT_NAME = "$(TARGET_NAME)";
				SWIFT_EMIT_LOC_STRINGS = YES;
				SWIFT_VERSION = 5.0;
				TARGETED_DEVICE_FAMILY = "1,2";
			};
			name = Debug;
		};
		7C4B979B2A47994600FBE683 /* Release */ = {
			isa = XCBuildConfiguration;
			buildSettings = {
				ASSETCATALOG_COMPILER_APPICON_NAME = AppIcon;
				ASSETCATALOG_COMPILER_GLOBAL_ACCENT_COLOR_NAME = AccentColor;
				CODE_SIGN_STYLE = Automatic;
				CURRENT_PROJECT_VERSION = 1;
				DEVELOPMENT_ASSET_PATHS = "\"Touchdown/Preview Content\"";
				DEVELOPMENT_TEAM = G3TMK8KB93;
				ENABLE_PREVIEWS = YES;
				GENERATE_INFOPLIST_FILE = YES;
				INFOPLIST_FILE = Touchdown/Info.plist;
				INFOPLIST_KEY_UIApplicationSceneManifest_Generation = YES;
				INFOPLIST_KEY_UIApplicationSupportsIndirectInputEvents = YES;
				INFOPLIST_KEY_UISupportedInterfaceOrientations = UIInterfaceOrientationPortrait;
				INFOPLIST_KEY_UISupportedInterfaceOrientations_iPad = "UIInterfaceOrientationLandscapeLeft UIInterfaceOrientationLandscapeRight UIInterfaceOrientationPortrait UIInterfaceOrientationPortraitUpsideDown";
				INFOPLIST_KEY_UIUserInterfaceStyle = Light;
				IPHONEOS_DEPLOYMENT_TARGET = 16.0;
				LD_RUNPATH_SEARCH_PATHS = (
					"$(inherited)",
					"@executable_path/Frameworks",
				);
				MARKETING_VERSION = 1.0;
				PRODUCT_BUNDLE_IDENTIFIER = com.ehsanApp.Touchdown;
				PRODUCT_NAME = "$(TARGET_NAME)";
				SWIFT_EMIT_LOC_STRINGS = YES;
				SWIFT_VERSION = 5.0;
				TARGETED_DEVICE_FAMILY = "1,2";
			};
			name = Release;
		};
/* End XCBuildConfiguration section */

/* Begin XCConfigurationList section */
		7C4B97862A47994400FBE683 /* Build configuration list for PBXProject "Touchdown" */ = {
			isa = XCConfigurationList;
			buildConfigurations = (
				7C4B97972A47994600FBE683 /* Debug */,
				7C4B97982A47994600FBE683 /* Release */,
			);
			defaultConfigurationIsVisible = 0;
			defaultConfigurationName = Release;
		};
		7C4B97992A47994600FBE683 /* Build configuration list for PBXNativeTarget "Touchdown" */ = {
			isa = XCConfigurationList;
			buildConfigurations = (
				7C4B979A2A47994600FBE683 /* Debug */,
				7C4B979B2A47994600FBE683 /* Release */,
			);
			defaultConfigurationIsVisible = 0;
			defaultConfigurationName = Release;
		};
/* End XCConfigurationList section */
	};
	rootObject = 7C4B97832A47994400FBE683 /* Project object */;
}
